# This file is autogenerated, do not edit; changes may be undone by the next 'dep ensure'.


[[projects]]
  name = "github.com/Shopify/sarama"
  packages = ["."]
  revision = "f7be6aa2bc7b2e38edf816b08b582782194a1c02"
  version = "v1.16.0"

[[projects]]
  name = "github.com/Sirupsen/logrus"
  packages = ["."]
  revision = "c155da19408a8799da419ed3eeb0cb5db0ad5dbc"
  version = "v1.0.5"

[[projects]]
  name = "github.com/TIBCOSoftware/flogo-contrib"
  packages = [
    "action/flow",
    "action/flow/definition",
    "action/flow/instance",
    "action/flow/linker",
    "action/flow/model",
    "action/flow/model/simple",
    "action/flow/service",
    "action/flow/support",
    "action/flow/tester",
    "action/flow/util",
    "activity/kafkapub",
    "activity/log",
    "model/simple",
    "model/simple/behaviors",
    "trigger/rest",
    "trigger/rest/cors"
  ]
  revision = "b9a1275df489a54ef85f1628949ceedefefd65c1"
  version = "v0.5.2"

[[projects]]
  name = "github.com/TIBCOSoftware/flogo-lib"
  packages = [
    "app",
    "app/resource",
    "config",
    "core/action",
    "core/activity",
    "core/data",
    "core/mapper",
    "core/mapper/exprmapper",
    "core/mapper/exprmapper/expression",
    "core/mapper/exprmapper/expression/direction",
    "core/mapper/exprmapper/expression/expr",
    "core/mapper/exprmapper/expression/function",
    "core/mapper/exprmapper/expression/gocc/errors",
    "core/mapper/exprmapper/expression/gocc/lexer",
    "core/mapper/exprmapper/expression/gocc/parser",
    "core/mapper/exprmapper/expression/gocc/token",
    "core/mapper/exprmapper/funcexprtype",
    "core/mapper/exprmapper/json",
    "core/mapper/exprmapper/json/field",
    "core/mapper/exprmapper/ref",
    "core/trigger",
    "engine",
    "engine/runner",
    "logger",
    "util",
    "util/managed"
  ]
  revision = "14ecc2c23809d781ec0855fa72725fe4517f84c1"
  version = "v0.5.2"

[[projects]]
  name = "github.com/davecgh/go-spew"
  packages = ["spew"]
  revision = "346938d642f2ec3594ed81d874461961cd0faa76"
  version = "v1.1.0"

[[projects]]
  name = "github.com/eapache/go-resiliency"
  packages = ["breaker"]
  revision = "ea41b0fad31007accc7f806884dcdf3da98b79ce"
  version = "v1.1.0"

[[projects]]
  branch = "master"
  name = "github.com/eapache/go-xerial-snappy"
  packages = ["."]
  revision = "bb955e01b9346ac19dc29eb16586c90ded99a98c"

[[projects]]
  name = "github.com/eapache/queue"
  packages = ["."]
  revision = "44cc805cf13205b55f69e14bcb69867d1ae92f98"
  version = "v1.1.0"

[[projects]]
  branch = "master"
  name = "github.com/golang/snappy"
  packages = ["."]
  revision = "553a641470496b2327abcac10b36396bd98e45c9"

[[projects]]
  branch = "master"
  name = "github.com/julienschmidt/httprouter"
  packages = ["."]
  revision = "d1898390779332322e6b5ca5011da4bf249bb056"

[[projects]]
  name = "github.com/pierrec/lz4"
  packages = ["."]
  revision = "2fcda4cb7018ce05a25959d2fe08c83e3329f169"
  version = "v1.1"

[[projects]]
  name = "github.com/pierrec/xxHash"
  packages = ["xxHash32"]
  revision = "f051bb7f1d1aaf1b5a665d74fb6b0217712c69f7"
  version = "v0.1.1"

[[projects]]
  branch = "master"
  name = "github.com/rcrowley/go-metrics"
  packages = ["."]
  revision = "8732c616f52954686704c8645fe1a9d59e9df7c1"

[[projects]]
  branch = "master"
  name = "golang.org/x/crypto"
  packages = ["ssh/terminal"]
  revision = "88942b9c40a4c9d203b82b3731787b672d6e809b"

[[projects]]
  branch = "master"
  name = "golang.org/x/sys"
  packages = [
    "unix",
    "windows"
  ]
  revision = "13d03a9a82fba647c21a0ef8fba44a795d0f0835"

[solve-meta]
  analyzer-name = "dep"
  analyzer-version = 1
  inputs-digest = "2689dff3b3e98619eb84d023cebcd64847a9ca925f589b1e304610d49774048a"
  solver-name = "gps-cdcl"
  solver-version = 1
