# This file is autogenerated, do not edit; changes may be undone by the next 'dep ensure'.


[[projects]]
  branch = "master"
  name = "github.com/jeffreybozek/jsonpath"
  packages = ["."]
  revision = "b631f61225a86d0536ff26d530bd811ba83d56b6"

[[projects]]
  name = "github.com/Shopify/sarama"
  packages = ["."]
  revision = "240fd146ce68bcafb034cc5dc977229ffbafa8ea"
  version = "v1.14.0"

[[projects]]
  name = "github.com/Sirupsen/logrus"
  packages = ["."]
  revision = "89742aefa4b206dcf400792f3bd35b542998eb3b"

[[projects]]
  branch = "master"
  name = "github.com/TIBCOSoftware/flogo-cli"
  packages = [
    "config",
    "env",
    "util"
  ]
  revision = "acb086b11e5f9cf35ab213e0e6a595e08d1ac839"

[[projects]]
  branch = "master"
  name = "github.com/TIBCOSoftware/flogo-contrib"
  packages = [
    "action/flow",
    "action/flow/definition",
    "action/flow/extension",
    "action/flow/instance",
    "action/flow/model",
    "action/flow/provider",
    "action/flow/script/fggos",
    "action/flow/service",
    "action/flow/support",
    "action/flow/tester",
    "activity/log",
    "activity/reply",
    "activity/rest",
    "model/simple",
    "trigger/rest/cors"
  ]
  revision = "be72f907e3908b6b986715739e8a4d022129da37"

[[projects]]
  name = "github.com/TIBCOSoftware/flogo-lib"
  packages = [
    "app",
    "config",
    "core/action",
    "core/activity",
    "core/data",
    "core/mapper",
    "core/trigger",
    "engine",
    "engine/runner",
    "logger",
    "util"
  ]
  revision = "2b805c0105ea1c260484a671b0afcafe3c7b83a5"
  version = "v0.5.1"

[[projects]]
  name = "github.com/TIBCOSoftware/mashling"
  packages = [
    "ext/flogo/trigger/kafkasubrouter",
    "lib/conditions",
    "lib/util"
  ]
  revision = "68697665b343bf3f753b868d1600b7253650f36f"

[[projects]]
  name = "github.com/davecgh/go-spew"
  packages = ["spew"]
  revision = "ecdeabc65495df2dec95d7c4a4c3e021903035e5"

[[projects]]
  name = "github.com/eapache/go-resiliency"
  packages = ["breaker"]
  revision = "b1fe83b5b03f624450823b751b662259ffc6af70"

[[projects]]
  branch = "master"
  name = "github.com/eapache/go-xerial-snappy"
  packages = ["."]
  revision = "bb955e01b9346ac19dc29eb16586c90ded99a98c"

[[projects]]
  name = "github.com/eapache/queue"
  packages = ["."]
  revision = "44cc805cf13205b55f69e14bcb69867d1ae92f98"
  version = "v1.1.0"

[[projects]]
  branch = "master"
  name = "github.com/golang/snappy"
  packages = ["."]
  revision = "553a641470496b2327abcac10b36396bd98e45c9"

[[projects]]
  branch = "master"
  name = "github.com/japm/goScript"
  packages = ["."]
  revision = "caab90145b05376536bbab332312f4812123e197"

[[projects]]
  branch = "master"
  name = "github.com/julienschmidt/httprouter"
  packages = ["."]
  revision = "e1b9828bc9e5904baec057a154c09ca40fe7fae0"

[[projects]]
  name = "github.com/pierrec/lz4"
  packages = ["."]
  revision = "08c27939df1bd95e881e2c2367a749964ad1fceb"
  version = "v1.0.1"

[[projects]]
  branch = "master"
  name = "github.com/pierrec/xxHash"
  packages = ["xxHash32"]
  revision = "a0006b13c722f7f12368c00a3d3c2ae8a999a0c6"

[[projects]]
  name = "github.com/pkg/errors"
  packages = ["."]
  revision = "f15c970de5b76fac0b59abb32d62c17cc7bed265"

[[projects]]
  name = "github.com/rcrowley/go-metrics"
  packages = ["."]
  revision = "1f30fe9094a513ce4c700b9a54458bbb0c96996c"

[[projects]]
  name = "golang.org/x/crypto"
  packages = ["ssh/terminal"]
  revision = "9f005a07e0d31d45e6656d241bb5c0f2efd4bc94"

[[projects]]
  name = "golang.org/x/sys"
  packages = [
    "unix",
    "windows"
  ]
  revision = "0dd5e194bbf5eb84a39666eb4c98a4d007e4203a"

[[projects]]
  branch = "master"
  name = "github.com/jtblin/go-ldap-client"
  packages = ["."]
  revision = "b73f66626b33ca4ac4fd6558efbb062c4fe4e52c"

[[projects]]
  name = "gopkg.in/asn1-ber.v1"
  packages = ["."]
  revision = "379148ca0225df7a432012b8df0355c2a2063ac0"
  version = "v1.2"

[[projects]]
  name = "gopkg.in/ldap.v2"
  packages = ["."]
  revision = "bb7a9ca6e4fbc2129e3db588a34bc970ffe811a9"
  version = "v2.5.1"

[[projects]]
  name = "gopkg.in/yaml.v2"
  packages = ["."]
  revision = "7f97868eec74b32b0982dd158a51a446d1da7eb5"
  version = "v2.1.1"
 
[solve-meta]
  analyzer-name = "dep"
  analyzer-version = 1
  inputs-digest = "066b21907b542aaf45891081d95b81c01015aa20aa1d55b0f22ff4025ef9c6b0"
  solver-name = "gps-cdcl"
  solver-version = 1